PATH
  remote: .
  specs:
    r_spec-clone (1.7.2)
      expresenter (~> 1.5.0)
      matchi (~> 4.0.0)
      test_tube (~> 4.0.0)

GEM
  remote: https://rubygems.org/
  specs:
    defi (3.0.1)
    docile (1.4.1)
    expresenter (1.5.1)
    matchi (4.0.0)
    rake (13.3.1)
    simplecov (0.22.0)
      docile (~> 1.1)
      simplecov-html (~> 0.11)
      simplecov_json_formatter (~> 0.1)
    simplecov-html (0.13.2)
    simplecov_json_formatter (0.1.4)
    test_tube (4.0.1)
      defi (~> 3.0.1)
    yard (0.9.38)

PLATFORMS
  arm64-darwin-24
  x86_64-linux

DEPENDENCIES
  bundler
  r_spec-clone!
  rake
  simplecov
  yard

BUNDLED WITH
  4.0.4
